
Microsoft Visual Studio Solution File, Format Version 12.00
# Visual Studio Version 16
VisualStudioVersion = 16.0.29326.143
MinimumVisualStudioVersion = 10.0.40219.1
Project("{FAE04EC0-301F-11D3-BF4B-00C04F79EFBC}") = "PMMP_Lab05", "PMMP_Lab05\PMMP_Lab05.csproj", "{24F1B1FB-89DC-44E9-B527-C6D7CC919FA8}"
EndProject
Global
	GlobalSection(SolutionConfigurationPlatforms) = preSolution
		Debug|Any CPU = Debug|Any CPU
		Release|Any CPU = Release|Any CPU
	EndGlobalSection
	GlobalSection(ProjectConfigurationPlatforms) = postSolution
		{24F1B1FB-89DC-44E9-B527-C6D7CC919FA8}.Debug|Any CPU.ActiveCfg = Debug|Any CPU
		{24F1B1FB-89DC-44E9-B527-C6D7CC919FA8}.Debug|Any CPU.Build.0 = Debug|Any CPU
		{24F1B1FB-89DC-44E9-B527-C6D7CC919FA8}.Release|Any CPU.ActiveCfg = Release|Any CPU
		{24F1B1FB-89DC-44E9-B527-C6D7CC919FA8}.Release|Any CPU.Build.0 = Release|Any CPU
	EndGlobalSection
	GlobalSection(SolutionProperties) = preSolution
		HideSolutionNode = FALSE
	EndGlobalSection
	GlobalSection(ExtensibilityGlobals) = postSolution
		SolutionGuid = {A37EBCAA-D883-49C1-8FA3-6BD9E2F61DB7}
	EndGlobalSection
EndGlobal
