
Microsoft Visual Studio Solution File, Format Version 12.00
# Visual Studio Version 16
VisualStudioVersion = 16.0.29306.81
MinimumVisualStudioVersion = 10.0.40219.1
Project("{FAE04EC0-301F-11D3-BF4B-00C04F79EFBC}") = "PMMP_Lab03", "PMMP_Lab03\PMMP_Lab03.csproj", "{36522469-05BA-45A6-BBCE-174485D0247A}"
EndProject
Global
	GlobalSection(SolutionConfigurationPlatforms) = preSolution
		Debug|Any CPU = Debug|Any CPU
		Release|Any CPU = Release|Any CPU
	EndGlobalSection
	GlobalSection(ProjectConfigurationPlatforms) = postSolution
		{36522469-05BA-45A6-BBCE-174485D0247A}.Debug|Any CPU.ActiveCfg = Debug|Any CPU
		{36522469-05BA-45A6-BBCE-174485D0247A}.Debug|Any CPU.Build.0 = Debug|Any CPU
		{36522469-05BA-45A6-BBCE-174485D0247A}.Release|Any CPU.ActiveCfg = Release|Any CPU
		{36522469-05BA-45A6-BBCE-174485D0247A}.Release|Any CPU.Build.0 = Release|Any CPU
	EndGlobalSection
	GlobalSection(SolutionProperties) = preSolution
		HideSolutionNode = FALSE
	EndGlobalSection
	GlobalSection(ExtensibilityGlobals) = postSolution
		SolutionGuid = {78619121-2E3E-4DDC-8F11-57C9DAFF62BB}
	EndGlobalSection
EndGlobal
