
Microsoft Visual Studio Solution File, Format Version 12.00
# Visual Studio Version 16
VisualStudioVersion = 16.0.29230.47
MinimumVisualStudioVersion = 10.0.40219.1
Project("{FAE04EC0-301F-11D3-BF4B-00C04F79EFBC}") = "PMMP_Lab02", "PMMP_Lab02\PMMP_Lab02.csproj", "{69006A16-34B3-4B10-82B4-1FC6AEFE5EA3}"
EndProject
Global
	GlobalSection(SolutionConfigurationPlatforms) = preSolution
		Debug|Any CPU = Debug|Any CPU
		Release|Any CPU = Release|Any CPU
	EndGlobalSection
	GlobalSection(ProjectConfigurationPlatforms) = postSolution
		{69006A16-34B3-4B10-82B4-1FC6AEFE5EA3}.Debug|Any CPU.ActiveCfg = Debug|Any CPU
		{69006A16-34B3-4B10-82B4-1FC6AEFE5EA3}.Debug|Any CPU.Build.0 = Debug|Any CPU
		{69006A16-34B3-4B10-82B4-1FC6AEFE5EA3}.Release|Any CPU.ActiveCfg = Release|Any CPU
		{69006A16-34B3-4B10-82B4-1FC6AEFE5EA3}.Release|Any CPU.Build.0 = Release|Any CPU
	EndGlobalSection
	GlobalSection(SolutionProperties) = preSolution
		HideSolutionNode = FALSE
	EndGlobalSection
	GlobalSection(ExtensibilityGlobals) = postSolution
		SolutionGuid = {F77274A0-8226-40D9-AED2-A2C7A805AD16}
	EndGlobalSection
EndGlobal
